
Microsoft Visual Studio Solution File, Format Version 12.00
# Visual Studio Version 17
VisualStudioVersion = 17.4.33403.182
MinimumVisualStudioVersion = 10.0.40219.1
Project("{8BC9CEB8-8B4A-11D0-8D11-00A0C91BC942}") = "para_ver", "para_ver.vcxproj", "{2FE3B38A-D387-4DCC-8149-3CCB546D32FA}"
EndProject
Global
	GlobalSection(SolutionConfigurationPlatforms) = preSolution
		Debug|x64 = Debug|x64
		Debug|x86 = Debug|x86
		Release|x64 = Release|x64
		Release|x86 = Release|x86
	EndGlobalSection
	GlobalSection(ProjectConfigurationPlatforms) = postSolution
		{2FE3B38A-D387-4DCC-8149-3CCB546D32FA}.Debug|x64.ActiveCfg = Debug|x64
		{2FE3B38A-D387-4DCC-8149-3CCB546D32FA}.Debug|x64.Build.0 = Debug|x64
		{2FE3B38A-D387-4DCC-8149-3CCB546D32FA}.Debug|x86.ActiveCfg = Debug|Win32
		{2FE3B38A-D387-4DCC-8149-3CCB546D32FA}.Debug|x86.Build.0 = Debug|Win32
		{2FE3B38A-D387-4DCC-8149-3CCB546D32FA}.Release|x64.ActiveCfg = Release|x64
		{2FE3B38A-D387-4DCC-8149-3CCB546D32FA}.Release|x64.Build.0 = Release|x64
		{2FE3B38A-D387-4DCC-8149-3CCB546D32FA}.Release|x86.ActiveCfg = Release|Win32
		{2FE3B38A-D387-4DCC-8149-3CCB546D32FA}.Release|x86.Build.0 = Release|Win32
	EndGlobalSection
	GlobalSection(SolutionProperties) = preSolution
		HideSolutionNode = FALSE
	EndGlobalSection
	GlobalSection(ExtensibilityGlobals) = postSolution
		SolutionGuid = {F876804E-5D78-4706-B4E5-75659B2317DC}
	EndGlobalSection
EndGlobal
